// !$*UTF8*$!
{
	archiveVersion = 1;
	classes = {
	};
	objectVersion = 50;
	objects = {

/* Begin PBXBuildFile section */
		CD287302245F7C480034289E /* AppDelegate.swift in Sources */ = {isa = PBXBuildFile; fileRef = CD287301245F7C480034289E /* AppDelegate.swift */; };
		CD287304245F7C480034289E /* SceneDelegate.swift in Sources */ = {isa = PBXBuildFile; fileRef = CD287303245F7C480034289E /* SceneDelegate.swift */; };
		CD287306245F7C480034289E /* ViewController.swift in Sources */ = {isa = PBXBuildFile; fileRef = CD287305245F7C480034289E /* ViewController.swift */; };
		CD287309245F7C480034289E /* Main.storyboard in Resources */ = {isa = PBXBuildFile; fileRef = CD287307245F7C480034289E /* Main.storyboard */; };
		CD28730C245F7C480034289E /* RileysTicTacToe.xcdatamodeld in Sources */ = {isa = PBXBuildFile; fileRef = CD28730A245F7C480034289E /* RileysTicTacToe.xcdatamodeld */; };
		CD28730E245F7C490034289E /* Assets.xcassets in Resources */ = {isa = PBXBuildFile; fileRef = CD28730D245F7C490034289E /* Assets.xcassets */; };
		CD287311245F7C490034289E /* LaunchScreen.storyboard in Resources */ = {isa = PBXBuildFile; fileRef = CD28730F245F7C490034289E /* LaunchScreen.storyboard */; };
/* End PBXBuildFile section */

/* Begin PBXFileReference section */
		CD2872FE245F7C480034289E /* RileysTicTacToe.app */ = {isa = PBXFileReference; explicitFileType = wrapper.application; includeInIndex = 0; path = RileysTicTacToe.app; sourceTree = BUILT_PRODUCTS_DIR; };
		CD287301245F7C480034289E /* AppDelegate.swift */ = {isa = PBXFileReference; lastKnownFileType = sourcecode.swift; path = AppDelegate.swift; sourceTree = "<group>"; };
		CD287303245F7C480034289E /* SceneDelegate.swift */ = {isa = PBXFileReference; lastKnownFileType = sourcecode.swift; path = SceneDelegate.swift; sourceTree = "<group>"; };
		CD287305245F7C480034289E /* ViewController.swift */ = {isa = PBXFileReference; lastKnownFileType = sourcecode.swift; path = ViewController.swift; sourceTree = "<group>"; };
		CD287308245F7C480034289E /* Base */ = {isa = PBXFileReference; lastKnownFileType = file.storyboard; name = Base; path = Base.lproj/Main.storyboard; sourceTree = "<group>"; };
		CD28730B245F7C480034289E /* RileysTicTacToe.xcdatamodel */ = {isa = PBXFileReference; lastKnownFileType = wrapper.xcdatamodel; path = RileysTicTacToe.xcdatamodel; sourceTree = "<group>"; };
		CD28730D245F7C490034289E /* Assets.xcassets */ = {isa = PBXFileReference; lastKnownFileType = folder.assetcatalog; path = Assets.xcassets; sourceTree = "<group>"; };
		CD287310245F7C490034289E /* Base */ = {isa = PBXFileReference; lastKnownFileType = file.storyboard; name = Base; path = Base.lproj/LaunchScreen.storyboard; sourceTree = "<group>"; };
		CD287312245F7C490034289E /* Info.plist */ = {isa = PBXFileReference; lastKnownFileType = text.plist.xml; path = Info.plist; sourceTree = "<group>"; };
/* End PBXFileReference section */

/* Begin PBXFrameworksBuildPhase section */
		CD2872FB245F7C480034289E /* Frameworks */ = {
			isa = PBXFrameworksBuildPhase;
			buildActionMask = 2147483647;
			files = (
			);
			runOnlyForDeploymentPostprocessing = 0;
		};
/* End PBXFrameworksBuildPhase section */

/* Begin PBXGroup section */
		CD2872F5245F7C480034289E = {
			isa = PBXGroup;
			children = (
				CD287300245F7C480034289E /* RileysTicTacToe */,
				CD2872FF245F7C480034289E /* Products */,
			);
			sourceTree = "<group>";
		};
		CD2872FF245F7C480034289E /* Products */ = {
			isa = PBXGroup;
			children = (
				CD2872FE245F7C480034289E /* RileysTicTacToe.app */,
			);
			name = Products;
			sourceTree = "<group>";
		};
		CD287300245F7C480034289E /* RileysTicTacToe */ = {
			isa = PBXGroup;
			children = (
				CD287301245F7C480034289E /* AppDelegate.swift */,
				CD287303245F7C480034289E /* SceneDelegate.swift */,
				CD287305245F7C480034289E /* ViewController.swift */,
				CD287307245F7C480034289E /* Main.storyboard */,
				CD28730D245F7C490034289E /* Assets.xcassets */,
				CD28730F245F7C490034289E /* LaunchScreen.storyboard */,
				CD287312245F7C490034289E /* Info.plist */,
				CD28730A245F7C480034289E /* RileysTicTacToe.xcdatamodeld */,
			);
			path = RileysTicTacToe;
			sourceTree = "<group>";
		};
/* End PBXGroup section */

/* Begin PBXNativeTarget section */
		CD2872FD245F7C480034289E /* RileysTicTacToe */ = {
			isa = PBXNativeTarget;
			buildConfigurationList = CD287315245F7C490034289E /* Build configuration list for PBXNativeTarget "RileysTicTacToe" */;
			buildPhases = (
				CD2872FA245F7C480034289E /* Sources */,
				CD2872FB245F7C480034289E /* Frameworks */,
				CD2872FC245F7C480034289E /* Resources */,
			);
			buildRules = (
			);
			dependencies = (
			);
			name = RileysTicTacToe;
			productName = RileysTicTacToe;
			productReference = CD2872FE245F7C480034289E /* RileysTicTacToe.app */;
			productType = "com.apple.product-type.application";
		};
/* End PBXNativeTarget section */

/* Begin PBXProject section */
		CD2872F6245F7C480034289E /* Project object */ = {
			isa = PBXProject;
			attributes = {
				LastSwiftUpdateCheck = 1140;
				LastUpgradeCheck = 1140;
				ORGANIZATIONNAME = "Riley Worstell";
				TargetAttributes = {
					CD2872FD245F7C480034289E = {
						CreatedOnToolsVersion = 11.4.1;
					};
				};
			};
			buildConfigurationList = CD2872F9245F7C480034289E /* Build configuration list for PBXProject "RileysTicTacToe" */;
			compatibilityVersion = "Xcode 9.3";
			developmentRegion = en;
			hasScannedForEncodings = 0;
			knownRegions = (
				en,
				Base,
			);
			mainGroup = CD2872F5245F7C480034289E;
			productRefGroup = CD2872FF245F7C480034289E /* Products */;
			projectDirPath = "";
			projectRoot = "";
			targets = (
				CD2872FD245F7C480034289E /* RileysTicTacToe */,
			);
		};
/* End PBXProject section */

/* Begin PBXResourcesBuildPhase section */
		CD2872FC245F7C480034289E /* Resources */ = {
			isa = PBXResourcesBuildPhase;
			buildActionMask = 2147483647;
			files = (
				CD287311245F7C490034289E /* LaunchScreen.storyboard in Resources */,
				CD28730E245F7C490034289E /* Assets.xcassets in Resources */,
				CD287309245F7C480034289E /* Main.storyboard in Resources */,
			);
			runOnlyForDeploymentPostprocessing = 0;
		};
/* End PBXResourcesBuildPhase section */

/* Begin PBXSourcesBuildPhase section */
		CD2872FA245F7C480034289E /* Sources */ = {
			isa = PBXSourcesBuildPhase;
			buildActionMask = 2147483647;
			files = (
				CD28730C245F7C480034289E /* RileysTicTacToe.xcdatamodeld in Sources */,
				CD287306245F7C480034289E /* ViewController.swift in Sources */,
				CD287302245F7C480034289E /* AppDelegate.swift in Sources */,
				CD287304245F7C480034289E /* SceneDelegate.swift in Sources */,
			);
			runOnlyForDeploymentPostprocessing = 0;
		};
/* End PBXSourcesBuildPhase section */

/* Begin PBXVariantGroup section */
		CD287307245F7C480034289E /* Main.storyboard */ = {
			isa = PBXVariantGroup;
			children = (
				CD287308245F7C480034289E /* Base */,
			);
			name = Main.storyboard;
			sourceTree = "<group>";
		};
		CD28730F245F7C490034289E /* LaunchScreen.storyboard */ = {
			isa = PBXVariantGroup;
			children = (
				CD287310245F7C490034289E /* Base */,
			);
			name = LaunchScreen.storyboard;
			sourceTree = "<group>";
		};
/* End PBXVariantGroup section */

/* Begin XCBuildConfiguration section */
		CD287313245F7C490034289E /* Debug */ = {
			isa = XCBuildConfiguration;
			buildSettings = {
				ALWAYS_SEARCH_USER_PATHS = NO;
				CLANG_ANALYZER_NONNULL = YES;
				CLANG_ANALYZER_NUMBER_OBJECT_CONVERSION = YES_AGGRESSIVE;
				CLANG_CXX_LANGUAGE_STANDARD = "gnu++14";
				CLANG_CXX_LIBRARY = "libc++";
				CLANG_ENABLE_MODULES = YES;
				CLANG_ENABLE_OBJC_ARC = YES;
				CLANG_ENABLE_OBJC_WEAK = YES;
				CLANG_WARN_BLOCK_CAPTURE_AUTORELEASING = YES;
				CLANG_WARN_BOOL_CONVERSION = YES;
				CLANG_WARN_COMMA = YES;
				CLANG_WARN_CONSTANT_CONVERSION = YES;
				CLANG_WARN_DEPRECATED_OBJC_IMPLEMENTATIONS = YES;
				CLANG_WARN_DIRECT_OBJC_ISA_USAGE = YES_ERROR;
				CLANG_WARN_DOCUMENTATION_COMMENTS = YES;
				CLANG_WARN_EMPTY_BODY = YES;
				CLANG_WARN_ENUM_CONVERSION = YES;
				CLANG_WARN_INFINITE_RECURSION = YES;
				CLANG_WARN_INT_CONVERSION = YES;
				CLANG_WARN_NON_LITERAL_NULL_CONVERSION = YES;
				CLANG_WARN_OBJC_IMPLICIT_RETAIN_SELF = YES;
				CLANG_WARN_OBJC_LITERAL_CONVERSION = YES;
				CLANG_WARN_OBJC_ROOT_CLASS = YES_ERROR;
				CLANG_WARN_RANGE_LOOP_ANALYSIS = YES;
				CLANG_WARN_STRICT_PROTOTYPES = YES;
				CLANG_WARN_SUSPICIOUS_MOVE = YES;
				CLANG_WARN_UNGUARDED_AVAILABILITY = YES_AGGRESSIVE;
				CLANG_WARN_UNREACHABLE_CODE = YES;
				CLANG_WARN__DUPLICATE_METHOD_MATCH = YES;
				COPY_PHASE_STRIP = NO;
				DEBUG_INFORMATION_FORMAT = dwarf;
				ENABLE_STRICT_OBJC_MSGSEND = YES;
				ENABLE_TESTABILITY = YES;
				GCC_C_LANGUAGE_STANDARD = gnu11;
				GCC_DYNAMIC_NO_PIC = NO;
				GCC_NO_COMMON_BLOCKS = YES;
				GCC_OPTIMIZATION_LEVEL = 0;
				GCC_PREPROCESSOR_DEFINITIONS = (
					"DEBUG=1",
					"$(inherited)",
				);
				GCC_WARN_64_TO_32_BIT_CONVERSION = YES;
				GCC_WARN_ABOUT_RETURN_TYPE = YES_ERROR;
				GCC_WARN_UNDECLARED_SELECTOR = YES;
				GCC_WARN_UNINITIALIZED_AUTOS = YES_AGGRESSIVE;
				GCC_WARN_UNUSED_FUNCTION = YES;
				GCC_WARN_UNUSED_VARIABLE = YES;
				IPHONEOS_DEPLOYMENT_TARGET = 13.4;
				MTL_ENABLE_DEBUG_INFO = INCLUDE_SOURCE;
				MTL_FAST_MATH = YES;
				ONLY_ACTIVE_ARCH = YES;
				SDKROOT = iphoneos;
				SWIFT_ACTIVE_COMPILATION_CONDITIONS = DEBUG;
				SWIFT_OPTIMIZATION_LEVEL = "-Onone";
			};
			name = Debug;
		};
		CD287314245F7C490034289E /* Release */ = {
			isa = XCBuildConfiguration;
			buildSettings = {
				ALWAYS_SEARCH_USER_PATHS = NO;
				CLANG_ANALYZER_NONNULL = YES;
				CLANG_ANALYZER_NUMBER_OBJECT_CONVERSION = YES_AGGRESSIVE;
				CLANG_CXX_LANGUAGE_STANDARD = "gnu++14";
				CLANG_CXX_LIBRARY = "libc++";
				CLANG_ENABLE_MODULES = YES;
				CLANG_ENABLE_OBJC_ARC = YES;
				CLANG_ENABLE_OBJC_WEAK = YES;
				CLANG_WARN_BLOCK_CAPTURE_AUTORELEASING = YES;
				CLANG_WARN_BOOL_CONVERSION = YES;
				CLANG_WARN_COMMA = YES;
				CLANG_WARN_CONSTANT_CONVERSION = YES;
				CLANG_WARN_DEPRECATED_OBJC_IMPLEMENTATIONS = YES;
				CLANG_WARN_DIRECT_OBJC_ISA_USAGE = YES_ERROR;
				CLANG_WARN_DOCUMENTATION_COMMENTS = YES;
				CLANG_WARN_EMPTY_BODY = YES;
				CLANG_WARN_ENUM_CONVERSION = YES;
				CLANG_WARN_INFINITE_RECURSION = YES;
				CLANG_WARN_INT_CONVERSION = YES;
				CLANG_WARN_NON_LITERAL_NULL_CONVERSION = YES;
				CLANG_WARN_OBJC_IMPLICIT_RETAIN_SELF = YES;
				CLANG_WARN_OBJC_LITERAL_CONVERSION = YES;
				CLANG_WARN_OBJC_ROOT_CLASS = YES_ERROR;
				CLANG_WARN_RANGE_LOOP_ANALYSIS = YES;
				CLANG_WARN_STRICT_PROTOTYPES = YES;
				CLANG_WARN_SUSPICIOUS_MOVE = YES;
				CLANG_WARN_UNGUARDED_AVAILABILITY = YES_AGGRESSIVE;
				CLANG_WARN_UNREACHABLE_CODE = YES;
				CLANG_WARN__DUPLICATE_METHOD_MATCH = YES;
				COPY_PHASE_STRIP = NO;
				DEBUG_INFORMATION_FORMAT = "dwarf-with-dsym";
				ENABLE_NS_ASSERTIONS = NO;
				ENABLE_STRICT_OBJC_MSGSEND = YES;
				GCC_C_LANGUAGE_STANDARD = gnu11;
				GCC_NO_COMMON_BLOCKS = YES;
				GCC_WARN_64_TO_32_BIT_CONVERSION = YES;
				GCC_WARN_ABOUT_RETURN_TYPE = YES_ERROR;
				GCC_WARN_UNDECLARED_SELECTOR = YES;
				GCC_WARN_UNINITIALIZED_AUTOS = YES_AGGRESSIVE;
				GCC_WARN_UNUSED_FUNCTION = YES;
				GCC_WARN_UNUSED_VARIABLE = YES;
				IPHONEOS_DEPLOYMENT_TARGET = 13.4;
				MTL_ENABLE_DEBUG_INFO = NO;
				MTL_FAST_MATH = YES;
				SDKROOT = iphoneos;
				SWIFT_COMPILATION_MODE = wholemodule;
				SWIFT_OPTIMIZATION_LEVEL = "-O";
				VALIDATE_PRODUCT = YES;
			};
			name = Release;
		};
		CD287316245F7C490034289E /* Debug */ = {
			isa = XCBuildConfiguration;
			buildSettings = {
				ASSETCATALOG_COMPILER_APPICON_NAME = AppIcon;
				CODE_SIGN_STYLE = Automatic;
				INFOPLIST_FILE = RileysTicTacToe/Info.plist;
				LD_RUNPATH_SEARCH_PATHS = (
					"$(inherited)",
					"@executable_path/Frameworks",
				);
				PRODUCT_BUNDLE_IDENTIFIER = com.rileyworstell.RileysTicTacToe;
				PRODUCT_NAME = "$(TARGET_NAME)";
				SWIFT_VERSION = 5.0;
				TARGETED_DEVICE_FAMILY = "1,2";
			};
			name = Debug;
		};
		CD287317245F7C490034289E /* Release */ = {
			isa = XCBuildConfiguration;
			buildSettings = {
				ASSETCATALOG_COMPILER_APPICON_NAME = AppIcon;
				CODE_SIGN_STYLE = Automatic;
				INFOPLIST_FILE = RileysTicTacToe/Info.plist;
				LD_RUNPATH_SEARCH_PATHS = (
					"$(inherited)",
					"@executable_path/Frameworks",
				);
				PRODUCT_BUNDLE_IDENTIFIER = com.rileyworstell.RileysTicTacToe;
				PRODUCT_NAME = "$(TARGET_NAME)";
				SWIFT_VERSION = 5.0;
				TARGETED_DEVICE_FAMILY = "1,2";
			};
			name = Release;
		};
/* End XCBuildConfiguration section */

/* Begin XCConfigurationList section */
		CD2872F9245F7C480034289E /* Build configuration list for PBXProject "RileysTicTacToe" */ = {
			isa = XCConfigurationList;
			buildConfigurations = (
				CD287313245F7C490034289E /* Debug */,
				CD287314245F7C490034289E /* Release */,
			);
			defaultConfigurationIsVisible = 0;
			defaultConfigurationName = Release;
		};
		CD287315245F7C490034289E /* Build configuration list for PBXNativeTarget "RileysTicTacToe" */ = {
			isa = XCConfigurationList;
			buildConfigurations = (
				CD287316245F7C490034289E /* Debug */,
				CD287317245F7C490034289E /* Release */,
			);
			defaultConfigurationIsVisible = 0;
			defaultConfigurationName = Release;
		};
/* End XCConfigurationList section */

/* Begin XCVersionGroup section */
		CD28730A245F7C480034289E /* RileysTicTacToe.xcdatamodeld */ = {
			isa = XCVersionGroup;
			children = (
				CD28730B245F7C480034289E /* RileysTicTacToe.xcdatamodel */,
			);
			currentVersion = CD28730B245F7C480034289E /* RileysTicTacToe.xcdatamodel */;
			path = RileysTicTacToe.xcdatamodeld;
			sourceTree = "<group>";
			versionGroupType = wrapper.xcdatamodel;
		};
/* End XCVersionGroup section */
	};
	rootObject = CD2872F6245F7C480034289E /* Project object */;
}
